// !$*UTF8*$!
{
	archiveVersion = 1;
	classes = {
	};
	objectVersion = 50;
	objects = {

/* Begin PBXBuildFile section */
		CECEB4AC218FC80300FE453E /* AppDelegate.swift in Sources */ = {isa = PBXBuildFile; fileRef = CECEB4AB218FC80300FE453E /* AppDelegate.swift */; };
		CECEB4AE218FC80300FE453E /* ViewController.swift in Sources */ = {isa = PBXBuildFile; fileRef = CECEB4AD218FC80300FE453E /* ViewController.swift */; };
		CECEB4B1218FC80300FE453E /* Main.storyboard in Resources */ = {isa = PBXBuildFile; fileRef = CECEB4AF218FC80300FE453E /* Main.storyboard */; };
		CECEB4B3218FC80500FE453E /* Assets.xcassets in Resources */ = {isa = PBXBuildFile; fileRef = CECEB4B2218FC80500FE453E /* Assets.xcassets */; };
		CECEB4B6218FC80500FE453E /* LaunchScreen.storyboard in Resources */ = {isa = PBXBuildFile; fileRef = CECEB4B4218FC80500FE453E /* LaunchScreen.storyboard */; };
		CECEB4BE218FD14100FE453E /* logo_dosen_120_120.png in Resources */ = {isa = PBXBuildFile; fileRef = CECEB4BD218FD14100FE453E /* logo_dosen_120_120.png */; };
/* End PBXBuildFile section */

/* Begin PBXFileReference section */
		CECEB4A8218FC80300FE453E /* DosenApp.app */ = {isa = PBXFileReference; explicitFileType = wrapper.application; includeInIndex = 0; path = DosenApp.app; sourceTree = BUILT_PRODUCTS_DIR; };
		CECEB4AB218FC80300FE453E /* AppDelegate.swift */ = {isa = PBXFileReference; lastKnownFileType = sourcecode.swift; path = AppDelegate.swift; sourceTree = "<group>"; };
		CECEB4AD218FC80300FE453E /* ViewController.swift */ = {isa = PBXFileReference; lastKnownFileType = sourcecode.swift; path = ViewController.swift; sourceTree = "<group>"; };
		CECEB4B0218FC80300FE453E /* Base */ = {isa = PBXFileReference; lastKnownFileType = file.storyboard; name = Base; path = Base.lproj/Main.storyboard; sourceTree = "<group>"; };
		CECEB4B2218FC80500FE453E /* Assets.xcassets */ = {isa = PBXFileReference; lastKnownFileType = folder.assetcatalog; path = Assets.xcassets; sourceTree = "<group>"; };
		CECEB4B5218FC80500FE453E /* Base */ = {isa = PBXFileReference; lastKnownFileType = file.storyboard; name = Base; path = Base.lproj/LaunchScreen.storyboard; sourceTree = "<group>"; };
		CECEB4B7218FC80500FE453E /* Info.plist */ = {isa = PBXFileReference; lastKnownFileType = text.plist.xml; path = Info.plist; sourceTree = "<group>"; };
		CECEB4BD218FD14100FE453E /* logo_dosen_120_120.png */ = {isa = PBXFileReference; lastKnownFileType = image.png; name = logo_dosen_120_120.png; path = ../../../logo_dosen_120_120.png; sourceTree = "<group>"; };
/* End PBXFileReference section */

/* Begin PBXFrameworksBuildPhase section */
		CECEB4A5218FC80300FE453E /* Frameworks */ = {
			isa = PBXFrameworksBuildPhase;
			buildActionMask = 2147483647;
			files = (
			);
			runOnlyForDeploymentPostprocessing = 0;
		};
/* End PBXFrameworksBuildPhase section */

/* Begin PBXGroup section */
		CECEB49F218FC80300FE453E = {
			isa = PBXGroup;
			children = (
				CECEB4AA218FC80300FE453E /* DosenApp */,
				CECEB4A9218FC80300FE453E /* Products */,
			);
			sourceTree = "<group>";
		};
		CECEB4A9218FC80300FE453E /* Products */ = {
			isa = PBXGroup;
			children = (
				CECEB4A8218FC80300FE453E /* DosenApp.app */,
			);
			name = Products;
			sourceTree = "<group>";
		};
		CECEB4AA218FC80300FE453E /* DosenApp */ = {
			isa = PBXGroup;
			children = (
				CECEB4AB218FC80300FE453E /* AppDelegate.swift */,
				CECEB4AD218FC80300FE453E /* ViewController.swift */,
				CECEB4AF218FC80300FE453E /* Main.storyboard */,
				CECEB4B2218FC80500FE453E /* Assets.xcassets */,
				CECEB4B4218FC80500FE453E /* LaunchScreen.storyboard */,
				CECEB4B7218FC80500FE453E /* Info.plist */,
				CECEB4BD218FD14100FE453E /* logo_dosen_120_120.png */,
			);
			path = DosenApp;
			sourceTree = "<group>";
		};
/* End PBXGroup section */

/* Begin PBXNativeTarget section */
		CECEB4A7218FC80300FE453E /* DosenApp */ = {
			isa = PBXNativeTarget;
			buildConfigurationList = CECEB4BA218FC80500FE453E /* Build configuration list for PBXNativeTarget "DosenApp" */;
			buildPhases = (
				CECEB4A4218FC80300FE453E /* Sources */,
				CECEB4A5218FC80300FE453E /* Frameworks */,
				CECEB4A6218FC80300FE453E /* Resources */,
			);
			buildRules = (
			);
			dependencies = (
			);
			name = DosenApp;
			productName = DosenApp;
			productReference = CECEB4A8218FC80300FE453E /* DosenApp.app */;
			productType = "com.apple.product-type.application";
		};
/* End PBXNativeTarget section */

/* Begin PBXProject section */
		CECEB4A0218FC80300FE453E /* Project object */ = {
			isa = PBXProject;
			attributes = {
				LastSwiftUpdateCheck = 1000;
				LastUpgradeCheck = 1000;
				ORGANIZATIONNAME = TopApp;
				TargetAttributes = {
					CECEB4A7218FC80300FE453E = {
						CreatedOnToolsVersion = 10.0;
					};
				};
			};
			buildConfigurationList = CECEB4A3218FC80300FE453E /* Build configuration list for PBXProject "DosenApp" */;
			compatibilityVersion = "Xcode 9.3";
			developmentRegion = en;
			hasScannedForEncodings = 0;
			knownRegions = (
				en,
				Base,
			);
			mainGroup = CECEB49F218FC80300FE453E;
			productRefGroup = CECEB4A9218FC80300FE453E /* Products */;
			projectDirPath = "";
			projectRoot = "";
			targets = (
				CECEB4A7218FC80300FE453E /* DosenApp */,
			);
		};
/* End PBXProject section */

/* Begin PBXResourcesBuildPhase section */
		CECEB4A6218FC80300FE453E /* Resources */ = {
			isa = PBXResourcesBuildPhase;
			buildActionMask = 2147483647;
			files = (
				CECEB4B6218FC80500FE453E /* LaunchScreen.storyboard in Resources */,
				CECEB4B3218FC80500FE453E /* Assets.xcassets in Resources */,
				CECEB4BE218FD14100FE453E /* logo_dosen_120_120.png in Resources */,
				CECEB4B1218FC80300FE453E /* Main.storyboard in Resources */,
			);
			runOnlyForDeploymentPostprocessing = 0;
		};
/* End PBXResourcesBuildPhase section */

/* Begin PBXSourcesBuildPhase section */
		CECEB4A4218FC80300FE453E /* Sources */ = {
			isa = PBXSourcesBuildPhase;
			buildActionMask = 2147483647;
			files = (
				CECEB4AE218FC80300FE453E /* ViewController.swift in Sources */,
				CECEB4AC218FC80300FE453E /* AppDelegate.swift in Sources */,
			);
			runOnlyForDeploymentPostprocessing = 0;
		};
/* End PBXSourcesBuildPhase section */

/* Begin PBXVariantGroup section */
		CECEB4AF218FC80300FE453E /* Main.storyboard */ = {
			isa = PBXVariantGroup;
			children = (
				CECEB4B0218FC80300FE453E /* Base */,
			);
			name = Main.storyboard;
			sourceTree = "<group>";
		};
		CECEB4B4218FC80500FE453E /* LaunchScreen.storyboard */ = {
			isa = PBXVariantGroup;
			children = (
				CECEB4B5218FC80500FE453E /* Base */,
			);
			name = LaunchScreen.storyboard;
			sourceTree = "<group>";
		};
/* End PBXVariantGroup section */

/* Begin XCBuildConfiguration section */
		CECEB4B8218FC80500FE453E /* Debug */ = {
			isa = XCBuildConfiguration;
			buildSettings = {
				ALWAYS_SEARCH_USER_PATHS = NO;
				CLANG_ANALYZER_NONNULL = YES;
				CLANG_ANALYZER_NUMBER_OBJECT_CONVERSION = YES_AGGRESSIVE;
				CLANG_CXX_LANGUAGE_STANDARD = "gnu++14";
				CLANG_CXX_LIBRARY = "libc++";
				CLANG_ENABLE_MODULES = YES;
				CLANG_ENABLE_OBJC_ARC = YES;
				CLANG_ENABLE_OBJC_WEAK = YES;
				CLANG_WARN_BLOCK_CAPTURE_AUTORELEASING = YES;
				CLANG_WARN_BOOL_CONVERSION = YES;
				CLANG_WARN_COMMA = YES;
				CLANG_WARN_CONSTANT_CONVERSION = YES;
				CLANG_WARN_DEPRECATED_OBJC_IMPLEMENTATIONS = YES;
				CLANG_WARN_DIRECT_OBJC_ISA_USAGE = YES_ERROR;
				CLANG_WARN_DOCUMENTATION_COMMENTS = YES;
				CLANG_WARN_EMPTY_BODY = YES;
				CLANG_WARN_ENUM_CONVERSION = YES;
				CLANG_WARN_INFINITE_RECURSION = YES;
				CLANG_WARN_INT_CONVERSION = YES;
				CLANG_WARN_NON_LITERAL_NULL_CONVERSION = YES;
				CLANG_WARN_OBJC_IMPLICIT_RETAIN_SELF = YES;
				CLANG_WARN_OBJC_LITERAL_CONVERSION = YES;
				CLANG_WARN_OBJC_ROOT_CLASS = YES_ERROR;
				CLANG_WARN_RANGE_LOOP_ANALYSIS = YES;
				CLANG_WARN_STRICT_PROTOTYPES = YES;
				CLANG_WARN_SUSPICIOUS_MOVE = YES;
				CLANG_WARN_UNGUARDED_AVAILABILITY = YES_AGGRESSIVE;
				CLANG_WARN_UNREACHABLE_CODE = YES;
				CLANG_WARN__DUPLICATE_METHOD_MATCH = YES;
				CODE_SIGN_IDENTITY = "iPhone Developer";
				COPY_PHASE_STRIP = NO;
				DEBUG_INFORMATION_FORMAT = dwarf;
				ENABLE_STRICT_OBJC_MSGSEND = YES;
				ENABLE_TESTABILITY = YES;
				GCC_C_LANGUAGE_STANDARD = gnu11;
				GCC_DYNAMIC_NO_PIC = NO;
				GCC_NO_COMMON_BLOCKS = YES;
				GCC_OPTIMIZATION_LEVEL = 0;
				GCC_PREPROCESSOR_DEFINITIONS = (
					"DEBUG=1",
					"$(inherited)",
				);
				GCC_WARN_64_TO_32_BIT_CONVERSION = YES;
				GCC_WARN_ABOUT_RETURN_TYPE = YES_ERROR;
				GCC_WARN_UNDECLARED_SELECTOR = YES;
				GCC_WARN_UNINITIALIZED_AUTOS = YES_AGGRESSIVE;
				GCC_WARN_UNUSED_FUNCTION = YES;
				GCC_WARN_UNUSED_VARIABLE = YES;
				IPHONEOS_DEPLOYMENT_TARGET = 12.0;
				MTL_ENABLE_DEBUG_INFO = INCLUDE_SOURCE;
				MTL_FAST_MATH = YES;
				ONLY_ACTIVE_ARCH = YES;
				SDKROOT = iphoneos;
				SWIFT_ACTIVE_COMPILATION_CONDITIONS = DEBUG;
				SWIFT_OPTIMIZATION_LEVEL = "-Onone";
			};
			name = Debug;
		};
		CECEB4B9218FC80500FE453E /* Release */ = {
			isa = XCBuildConfiguration;
			buildSettings = {
				ALWAYS_SEARCH_USER_PATHS = NO;
				CLANG_ANALYZER_NONNULL = YES;
				CLANG_ANALYZER_NUMBER_OBJECT_CONVERSION = YES_AGGRESSIVE;
				CLANG_CXX_LANGUAGE_STANDARD = "gnu++14";
				CLANG_CXX_LIBRARY = "libc++";
				CLANG_ENABLE_MODULES = YES;
				CLANG_ENABLE_OBJC_ARC = YES;
				CLANG_ENABLE_OBJC_WEAK = YES;
				CLANG_WARN_BLOCK_CAPTURE_AUTORELEASING = YES;
				CLANG_WARN_BOOL_CONVERSION = YES;
				CLANG_WARN_COMMA = YES;
				CLANG_WARN_CONSTANT_CONVERSION = YES;
				CLANG_WARN_DEPRECATED_OBJC_IMPLEMENTATIONS = YES;
				CLANG_WARN_DIRECT_OBJC_ISA_USAGE = YES_ERROR;
				CLANG_WARN_DOCUMENTATION_COMMENTS = YES;
				CLANG_WARN_EMPTY_BODY = YES;
				CLANG_WARN_ENUM_CONVERSION = YES;
				CLANG_WARN_INFINITE_RECURSION = YES;
				CLANG_WARN_INT_CONVERSION = YES;
				CLANG_WARN_NON_LITERAL_NULL_CONVERSION = YES;
				CLANG_WARN_OBJC_IMPLICIT_RETAIN_SELF = YES;
				CLANG_WARN_OBJC_LITERAL_CONVERSION = YES;
				CLANG_WARN_OBJC_ROOT_CLASS = YES_ERROR;
				CLANG_WARN_RANGE_LOOP_ANALYSIS = YES;
				CLANG_WARN_STRICT_PROTOTYPES = YES;
				CLANG_WARN_SUSPICIOUS_MOVE = YES;
				CLANG_WARN_UNGUARDED_AVAILABILITY = YES_AGGRESSIVE;
				CLANG_WARN_UNREACHABLE_CODE = YES;
				CLANG_WARN__DUPLICATE_METHOD_MATCH = YES;
				CODE_SIGN_IDENTITY = "iPhone Developer";
				COPY_PHASE_STRIP = NO;
				DEBUG_INFORMATION_FORMAT = "dwarf-with-dsym";
				ENABLE_NS_ASSERTIONS = NO;
				ENABLE_STRICT_OBJC_MSGSEND = YES;
				GCC_C_LANGUAGE_STANDARD = gnu11;
				GCC_NO_COMMON_BLOCKS = YES;
				GCC_WARN_64_TO_32_BIT_CONVERSION = YES;
				GCC_WARN_ABOUT_RETURN_TYPE = YES_ERROR;
				GCC_WARN_UNDECLARED_SELECTOR = YES;
				GCC_WARN_UNINITIALIZED_AUTOS = YES_AGGRESSIVE;
				GCC_WARN_UNUSED_FUNCTION = YES;
				GCC_WARN_UNUSED_VARIABLE = YES;
				IPHONEOS_DEPLOYMENT_TARGET = 12.0;
				MTL_ENABLE_DEBUG_INFO = NO;
				MTL_FAST_MATH = YES;
				SDKROOT = iphoneos;
				SWIFT_COMPILATION_MODE = wholemodule;
				SWIFT_OPTIMIZATION_LEVEL = "-O";
				VALIDATE_PRODUCT = YES;
			};
			name = Release;
		};
		CECEB4BB218FC80500FE453E /* Debug */ = {
			isa = XCBuildConfiguration;
			buildSettings = {
				ASSETCATALOG_COMPILER_APPICON_NAME = AppIcon;
				CODE_SIGN_IDENTITY = "iPhone Developer";
				CODE_SIGN_STYLE = Automatic;
				DEVELOPMENT_TEAM = 7M5T26VN7A;
				INFOPLIST_FILE = DosenApp/Info.plist;
				IPHONEOS_DEPLOYMENT_TARGET = 11.3;
				LD_RUNPATH_SEARCH_PATHS = (
					"$(inherited)",
					"@executable_path/Frameworks",
				);
				PRODUCT_BUNDLE_IDENTIFIER = topapp.id.DosenApp;
				PRODUCT_NAME = "$(TARGET_NAME)";
				PROVISIONING_PROFILE_SPECIFIER = "";
				SWIFT_VERSION = 4.2;
				TARGETED_DEVICE_FAMILY = "1,2";
			};
			name = Debug;
		};
		CECEB4BC218FC80500FE453E /* Release */ = {
			isa = XCBuildConfiguration;
			buildSettings = {
				ASSETCATALOG_COMPILER_APPICON_NAME = AppIcon;
				CODE_SIGN_IDENTITY = "iPhone Developer";
				CODE_SIGN_STYLE = Automatic;
				DEVELOPMENT_TEAM = 7M5T26VN7A;
				INFOPLIST_FILE = DosenApp/Info.plist;
				IPHONEOS_DEPLOYMENT_TARGET = 11.3;
				LD_RUNPATH_SEARCH_PATHS = (
					"$(inherited)",
					"@executable_path/Frameworks",
				);
				PRODUCT_BUNDLE_IDENTIFIER = topapp.id.DosenApp;
				PRODUCT_NAME = "$(TARGET_NAME)";
				PROVISIONING_PROFILE_SPECIFIER = "";
				SWIFT_VERSION = 4.2;
				TARGETED_DEVICE_FAMILY = "1,2";
			};
			name = Release;
		};
/* End XCBuildConfiguration section */

/* Begin XCConfigurationList section */
		CECEB4A3218FC80300FE453E /* Build configuration list for PBXProject "DosenApp" */ = {
			isa = XCConfigurationList;
			buildConfigurations = (
				CECEB4B8218FC80500FE453E /* Debug */,
				CECEB4B9218FC80500FE453E /* Release */,
			);
			defaultConfigurationIsVisible = 0;
			defaultConfigurationName = Release;
		};
		CECEB4BA218FC80500FE453E /* Build configuration list for PBXNativeTarget "DosenApp" */ = {
			isa = XCConfigurationList;
			buildConfigurations = (
				CECEB4BB218FC80500FE453E /* Debug */,
				CECEB4BC218FC80500FE453E /* Release */,
			);
			defaultConfigurationIsVisible = 0;
			defaultConfigurationName = Release;
		};
/* End XCConfigurationList section */
	};
	rootObject = CECEB4A0218FC80300FE453E /* Project object */;
}
